
Microsoft Visual Studio Solution File, Format Version 12.00
# Visual Studio Version 16
VisualStudioVersion = 16.0.31624.102
MinimumVisualStudioVersion = 10.0.40219.1
Project("{FAE04EC0-301F-11D3-BF4B-00C04F79EFBC}") = "projekt2022GUI", "projekt2022GUI\projekt2022GUI.csproj", "{D0460191-8D82-481E-B559-91AB1F4D433F}"
EndProject
Global
	GlobalSection(SolutionConfigurationPlatforms) = preSolution
		Debug|Any CPU = Debug|Any CPU
		Release|Any CPU = Release|Any CPU
	EndGlobalSection
	GlobalSection(ProjectConfigurationPlatforms) = postSolution
		{D0460191-8D82-481E-B559-91AB1F4D433F}.Debug|Any CPU.ActiveCfg = Debug|Any CPU
		{D0460191-8D82-481E-B559-91AB1F4D433F}.Debug|Any CPU.Build.0 = Debug|Any CPU
		{D0460191-8D82-481E-B559-91AB1F4D433F}.Release|Any CPU.ActiveCfg = Release|Any CPU
		{D0460191-8D82-481E-B559-91AB1F4D433F}.Release|Any CPU.Build.0 = Release|Any CPU
	EndGlobalSection
	GlobalSection(SolutionProperties) = preSolution
		HideSolutionNode = FALSE
	EndGlobalSection
	GlobalSection(ExtensibilityGlobals) = postSolution
		SolutionGuid = {2F08916A-D992-4CE5-963A-7F0AC8D1A6B1}
	EndGlobalSection
EndGlobal
